
Microsoft Visual Studio Solution File, Format Version 12.00
# Visual Studio Version 16
VisualStudioVersion = 16.0.30711.63
MinimumVisualStudioVersion = 10.0.40219.1
Project("{FAE04EC0-301F-11D3-BF4B-00C04F79EFBC}") = "Lab2", "Lab2\Lab2.csproj", "{94852CF2-3F47-40DC-B3C0-949C623FFAC9}"
EndProject
Global
	GlobalSection(SolutionConfigurationPlatforms) = preSolution
		Debug|Any CPU = Debug|Any CPU
		Release|Any CPU = Release|Any CPU
	EndGlobalSection
	GlobalSection(ProjectConfigurationPlatforms) = postSolution
		{94852CF2-3F47-40DC-B3C0-949C623FFAC9}.Debug|Any CPU.ActiveCfg = Debug|Any CPU
		{94852CF2-3F47-40DC-B3C0-949C623FFAC9}.Debug|Any CPU.Build.0 = Debug|Any CPU
		{94852CF2-3F47-40DC-B3C0-949C623FFAC9}.Release|Any CPU.ActiveCfg = Release|Any CPU
		{94852CF2-3F47-40DC-B3C0-949C623FFAC9}.Release|Any CPU.Build.0 = Release|Any CPU
	EndGlobalSection
	GlobalSection(SolutionProperties) = preSolution
		HideSolutionNode = FALSE
	EndGlobalSection
	GlobalSection(ExtensibilityGlobals) = postSolution
		SolutionGuid = {D51BE285-4EDC-48F1-83E2-3EC1319BD9AD}
	EndGlobalSection
EndGlobal
